<?xml version="1.0" encoding="utf-8"?>
<Project ToolsVersion="4.0" xmlns="http://schemas.microsoft.com/developer/msbuild/2003">
  <ItemGroup>
    <Filter Include="Source Files">
      <UniqueIdentifier>{4FC737F1-C7A5-4376-A066-2A32D752A2FF}</UniqueIdentifier>
      <Extensions>cpp;c;cc;cxx;c++;cppm;ixx;def;odl;idl;hpj;bat;asm;asmx</Extensions>
    </Filter>
    <Filter Include="Header Files">
      <UniqueIdentifier>{93995380-89BD-4b04-88EB-625FBE52EBFB}</UniqueIdentifier>
      <Extensions>h;hh;hpp;hxx;h++;hm;inl;inc;ipp;xsd</Extensions>
    </Filter>
    <Filter Include="Resource Files">
      <UniqueIdentifier>{67DA6AB6-F800-4c08-8B7A-83BB121AAD01}</UniqueIdentifier>
      <Extensions>rc;ico;cur;bmp;dlg;rc2;rct;bin;rgs;gif;jpg;jpeg;jpe;resx;tiff;tif;png;wav;mfcribbon-ms</Extensions>
    </Filter>
    <Filter Include="Header Files\Components">
      <UniqueIdentifier>{aa8f289a-f792-42a5-b129-b816a2ab907e}</UniqueIdentifier>
    </Filter>
    <Filter Include="Header Files\Shaders">
      <UniqueIdentifier>{0a0a4969-2f75-47e9-9dd3-b1efb6c111ab}</UniqueIdentifier>
    </Filter>
    <Filter Include="Source Files\Components">
      <UniqueIdentifier>{700d2b9b-3fd3-4b00-a8c2-d83a517ed538}</UniqueIdentifier>
    </Filter>
    <Filter Include="Source Files\Shaders">
      <UniqueIdentifier>{a0c00574-b00f-4239-8bb8-fd07a0dadbfc}</UniqueIdentifier>
    </Filter>
    <Filter Include="Header Files\Geometry">
      <UniqueIdentifier>{b832301e-85dc-4dd8-aa20-3971d03c5edf}</UniqueIdentifier>
    </Filter>
    <Filter Include="Source Files\Geometry">
      <UniqueIdentifier>{4891999e-1a02-454c-b2b8-b29af9b88588}</UniqueIdentifier>
    </Filter>
    <Filter Include="Header Files\Resources">
      <UniqueIdentifier>{f43f6dc5-8341-4ad7-8a67-18dea4819f19}</UniqueIdentifier>
    </Filter>
    <Filter Include="Source Files\Resources">
      <UniqueIdentifier>{13530317-74ea-41fc-b6ad-8e11e58981d9}</UniqueIdentifier>
    </Filter>
    <Filter Include="Header Files\Systems">
      <UniqueIdentifier>{46f2e00f-4a7d-41f2-b36f-0325ed3f8a7d}</UniqueIdentifier>
    </Filter>
    <Filter Include="Source Files\Systems">
      <UniqueIdentifier>{04a2bd0b-1f28-4624-b0f9-a59b6839c96f}</UniqueIdentifier>
    </Filter>
    <Filter Include="Source Files\Shaders\Base Pass">
      <UniqueIdentifier>{fa1a9fde-e3e8-4b3f-8706-ef91a5e03208}</UniqueIdentifier>
    </Filter>
    <Filter Include="Source Files\Shaders\Light Pass">
      <UniqueIdentifier>{f07c4d56-8891-46d6-b1e1-5b0e9b0ed612}</UniqueIdentifier>
    </Filter>
    <Filter Include="Source Files\Shaders\Base Pass\Color Shader">
      <UniqueIdentifier>{354c24a4-225d-4f78-96e1-ec0953cdea9e}</UniqueIdentifier>
    </Filter>
    <Filter Include="Source Files\Shaders\Base Pass\Texture Shader">
      <UniqueIdentifier>{a04c4120-380b-49c2-b8bc-13fa6ac155dd}</UniqueIdentifier>
    </Filter>
    <Filter Include="Source Files\Shaders\Base Pass\Default Base Shader">
      <UniqueIdentifier>{31953d29-7b72-4aa1-b815-51f52d58a4b1}</UniqueIdentifier>
    </Filter>
    <Filter Include="Source Files\Shaders\Light Pass\Default Light Shader">
      <UniqueIdentifier>{ec6d5a34-ef46-4fd4-8dac-07d3dca1cef8}</UniqueIdentifier>
    </Filter>
    <Filter Include="Resource Files\Textures">
      <UniqueIdentifier>{24f2417f-163a-4f3b-a1c7-7111528e2a86}</UniqueIdentifier>
    </Filter>
    <Filter Include="Resource Files\Meshes">
      <UniqueIdentifier>{437e2e87-d32b-49e5-a9c9-c714de2e3761}</UniqueIdentifier>
    </Filter>
    <Filter Include="Header Files\Resources\Loaders">
      <UniqueIdentifier>{ad271b22-b836-45b0-8d6a-98fe9dc632c5}</UniqueIdentifier>
    </Filter>
    <Filter Include="Header Files\Geometry\Loaders">
      <UniqueIdentifier>{8152dd02-6658-46aa-a2fc-b1327c1e5100}</UniqueIdentifier>
    </Filter>
    <Filter Include="Source Files\Geometry\Loaders">
      <UniqueIdentifier>{252e5a60-4133-4257-9d19-e8062b4601ad}</UniqueIdentifier>
    </Filter>
    <Filter Include="Source Files\Resources\Loaders">
      <UniqueIdentifier>{81d19f92-8916-44b8-8027-a4f57afc3f51}</UniqueIdentifier>
    </Filter>
  </ItemGroup>
  <ItemGroup>
    <ClInclude Include="window.h">
      <Filter>Header Files</Filter>
    </ClInclude>
    <ClInclude Include="input.h">
      <Filter>Header Files</Filter>
    </ClInclude>
    <ClInclude Include="application.h">
      <Filter>Header Files</Filter>
    </ClInclude>
    <ClInclude Include="direct3d.h">
      <Filter>Header Files</Filter>
    </ClInclude>
    <ClInclude Include="transform.h">
      <Filter>Header Files\Components</Filter>
    </ClInclude>
    <ClInclude Include="shadermanager.h">
      <Filter>Header Files\Shaders</Filter>
    </ClInclude>
    <ClInclude Include="shader.h">
      <Filter>Header Files\Shaders</Filter>
    </ClInclude>
    <ClInclude Include="meshmanager.h">
      <Filter>Header Files\Geometry</Filter>
    </ClInclude>
    <ClInclude Include="mesh.h">
      <Filter>Header Files\Geometry</Filter>
    </ClInclude>
    <ClInclude Include="vertex.h">
      <Filter>Header Files\Geometry</Filter>
    </ClInclude>
    <ClInclude Include="model.h">
      <Filter>Header Files\Components</Filter>
    </ClInclude>
    <ClInclude Include="entity.h">
      <Filter>Header Files</Filter>
    </ClInclude>
    <ClInclude Include="components.h">
      <Filter>Header Files\Components</Filter>
    </ClInclude>
    <ClInclude Include="scene.h">
      <Filter>Header Files</Filter>
    </ClInclude>
    <ClInclude Include="transformsystem.h">
      <Filter>Header Files\Systems</Filter>
    </ClInclude>
    <ClInclude Include="rendersystem.h">
      <Filter>Header Files\Systems</Filter>
    </ClInclude>
    <ClInclude Include="camera3d.h">
      <Filter>Header Files\Components</Filter>
    </ClInclude>
    <ClInclude Include="camerasystem.h">
      <Filter>Header Files\Systems</Filter>
    </ClInclude>
    <ClInclude Include="colorshader.h">
      <Filter>Header Files\Shaders</Filter>
    </ClInclude>
    <ClInclude Include="textureshader.h">
      <Filter>Header Files\Shaders</Filter>
    </ClInclude>
    <ClInclude Include="texture.h">
      <Filter>Header Files\Resources</Filter>
    </ClInclude>
    <ClInclude Include="texturemanager.h">
      <Filter>Header Files\Resources</Filter>
    </ClInclude>
    <ClInclude Include="defaultlightshader.h">
      <Filter>Header Files\Shaders</Filter>
    </ClInclude>
    <ClInclude Include="defaultbaseshader.h">
      <Filter>Header Files\Shaders</Filter>
    </ClInclude>
    <ClInclude Include="light.h">
      <Filter>Header Files\Components</Filter>
    </ClInclude>
    <ClInclude Include="renderer.h">
      <Filter>Header Files\Components</Filter>
    </ClInclude>
    <ClInclude Include="objloader.h">
      <Filter>Header Files\Geometry\Loaders</Filter>
    </ClInclude>
    <ClInclude Include="targaloader.h">
      <Filter>Header Files\Resources\Loaders</Filter>
    </ClInclude>
    <ClInclude Include="sprite.h">
      <Filter>Header Files\Components</Filter>
    </ClInclude>
    <ClInclude Include="render2dsystem.h">
      <Filter>Header Files\Systems</Filter>
    </ClInclude>
    <ClInclude Include="camera2d.h">
      <Filter>Header Files\Components</Filter>
    </ClInclude>
  </ItemGroup>
  <ItemGroup>
    <ClCompile Include="window.cpp">
      <Filter>Source Files</Filter>
    </ClCompile>
    <ClCompile Include="input.cpp">
      <Filter>Source Files</Filter>
    </ClCompile>
    <ClCompile Include="application.cpp">
      <Filter>Source Files</Filter>
    </ClCompile>
    <ClCompile Include="direct3d.cpp">
      <Filter>Source Files</Filter>
    </ClCompile>
    <ClCompile Include="main.cpp">
      <Filter>Source Files</Filter>
    </ClCompile>
    <ClCompile Include="transform.cpp">
      <Filter>Source Files\Components</Filter>
    </ClCompile>
    <ClCompile Include="shadermanager.cpp">
      <Filter>Source Files\Shaders</Filter>
    </ClCompile>
    <ClCompile Include="shader.cpp">
      <Filter>Source Files\Shaders</Filter>
    </ClCompile>
    <ClCompile Include="colorshader.cpp">
      <Filter>Source Files\Shaders\Base Pass\Color Shader</Filter>
    </ClCompile>
    <ClCompile Include="meshmanager.cpp">
      <Filter>Source Files\Geometry</Filter>
    </ClCompile>
    <ClCompile Include="mesh.cpp">
      <Filter>Source Files\Geometry</Filter>
    </ClCompile>
    <ClCompile Include="model.cpp">
      <Filter>Source Files\Components</Filter>
    </ClCompile>
    <ClCompile Include="entity.cpp">
      <Filter>Source Files</Filter>
    </ClCompile>
    <ClCompile Include="scene.cpp">
      <Filter>Source Files</Filter>
    </ClCompile>
    <ClCompile Include="transformsystem.cpp">
      <Filter>Source Files\Systems</Filter>
    </ClCompile>
    <ClCompile Include="rendersystem.cpp">
      <Filter>Source Files\Systems</Filter>
    </ClCompile>
    <ClCompile Include="camera3d.cpp">
      <Filter>Source Files\Components</Filter>
    </ClCompile>
    <ClCompile Include="camerasystem.cpp">
      <Filter>Source Files\Systems</Filter>
    </ClCompile>
    <ClCompile Include="textureshader.cpp">
      <Filter>Source Files\Shaders\Base Pass\Texture Shader</Filter>
    </ClCompile>
    <ClCompile Include="texture.cpp">
      <Filter>Source Files\Resources</Filter>
    </ClCompile>
    <ClCompile Include="texturemanager.cpp">
      <Filter>Source Files\Resources</Filter>
    </ClCompile>
    <ClCompile Include="defaultlightshader.cpp">
      <Filter>Source Files\Shaders\Light Pass\Default Light Shader</Filter>
    </ClCompile>
    <ClCompile Include="defaultbaseshader.cpp">
      <Filter>Source Files\Shaders\Base Pass\Default Base Shader</Filter>
    </ClCompile>
    <ClCompile Include="light.cpp">
      <Filter>Source Files\Components</Filter>
    </ClCompile>
    <ClCompile Include="renderer.cpp">
      <Filter>Source Files\Components</Filter>
    </ClCompile>
    <ClCompile Include="objloader.cpp">
      <Filter>Source Files\Geometry\Loaders</Filter>
    </ClCompile>
    <ClCompile Include="targaloader.cpp">
      <Filter>Source Files\Resources\Loaders</Filter>
    </ClCompile>
    <ClCompile Include="render2dsystem.cpp">
      <Filter>Source Files\Systems</Filter>
    </ClCompile>
    <ClCompile Include="sprite.cpp">
      <Filter>Source Files\Components</Filter>
    </ClCompile>
    <ClCompile Include="camera2d.cpp">
      <Filter>Source Files\Components</Filter>
    </ClCompile>
  </ItemGroup>
  <ItemGroup>
    <None Include="colorvertex.hlsl">
      <Filter>Source Files\Shaders\Base Pass\Color Shader</Filter>
    </None>
    <None Include="colorpixel.hlsl">
      <Filter>Source Files\Shaders\Base Pass\Color Shader</Filter>
    </None>
    <None Include="texturevertex.hlsl">
      <Filter>Source Files\Shaders\Base Pass\Texture Shader</Filter>
    </None>
    <None Include="texturepixel.hlsl">
      <Filter>Source Files\Shaders\Base Pass\Texture Shader</Filter>
    </None>
    <None Include="defaultlightpixel.hlsl">
      <Filter>Source Files\Shaders\Light Pass\Default Light Shader</Filter>
    </None>
    <None Include="defaultlightvertex.hlsl">
      <Filter>Source Files\Shaders\Light Pass\Default Light Shader</Filter>
    </None>
    <None Include="defaultbasepixel.hlsl">
      <Filter>Source Files\Shaders\Base Pass\Default Base Shader</Filter>
    </None>
    <None Include="defaultbasevertex.hlsl">
      <Filter>Source Files\Shaders\Base Pass\Default Base Shader</Filter>
    </None>
  </ItemGroup>
  <ItemGroup>
    <Image Include="Textures\stoneWall.tga">
      <Filter>Resource Files\Textures</Filter>
    </Image>
  </ItemGroup>
  <ItemGroup>
    <Object Include="Meshes\skull.obj">
      <Filter>Resource Files\Meshes</Filter>
    </Object>
    <Object Include="Meshes\sphere.obj">
      <Filter>Resource Files\Meshes</Filter>
    </Object>
  </ItemGroup>
</Project>